{
  "version": 4,
  "terraform_version": "0.14.7",
  "serial": 1,
  "lineage": "0c9bf045-9888-0061-993a-9a89359a8a8a",
  "outputs": {},
  "resources": [
    {
      "mode": "managed",
      "type": "google_compute_firewall",
      "name": "http-server",
      "provider": "provider[\"registry.terraform.io/hashicorp/google\"]",
      "instances": [
        {
          "schema_version": 1,
          "attributes": {
            "allow": [
              {
                "ports": [
                  "22",
                  "80"
                ],
                "protocol": "tcp"
              }
            ],
            "creation_timestamp": "2023-05-04T08:08:20.109-07:00",
            "deny": [],
            "description": "",
            "destination_ranges": [],
            "direction": "INGRESS",
            "disabled": false,
            "enable_logging": null,
            "id": "projects/kubernates-practice-380905/global/firewalls/terraform-http-firewall",
            "log_config": [],
            "name": "terraform-http-firewall",
            "network": "https://www.googleapis.com/compute/v1/projects/kubernates-practice-380905/global/networks/default",
            "priority": 1000,
            "project": "kubernates-practice-380905",
            "self_link": "https://www.googleapis.com/compute/v1/projects/kubernates-practice-380905/global/firewalls/terraform-http-firewall",
            "source_ranges": [
              "0.0.0.0/0"
            ],
            "source_service_accounts": null,
            "source_tags": null,
            "target_service_accounts": null,
            "target_tags": [
              "http-server"
            ],
            "timeouts": null
          },
          "sensitive_attributes": [],
          "private": "eyJlMmJmYjczMC1lY2FhLTExZTYtOGY4OC0zNDM2M2JjN2M0YzAiOnsiY3JlYXRlIjoxMjAwMDAwMDAwMDAwLCJkZWxldGUiOjEyMDAwMDAwMDAwMDAsInVwZGF0ZSI6MTIwMDAwMDAwMDAwMH0sInNjaGVtYV92ZXJzaW9uIjoiMSJ9"
        }
      ]
    }
  ]
}
